{
  "version": 4,
  "terraform_version": "1.15.8",
  "serial": 22,
  "lineage": "ad6b1f67-24ce-6265-dd09-cfd01a4a108c",
  "outputs": {
    "cluster_endpoint": {
      "value": "34.14.147.43",
      "type": "string"
    },
    "cluster_location": {
      "value": "asia-south1-c",
      "type": "string"
    },
    "cluster_name": {
      "value": "securebank-gke",
      "type": "string"
    },
    "gke_subnet_name": {
      "value": "securebank-gke-subnet",
      "type": "string"
    },
    "node_pool_name": {
      "value": "securebank-nodepool",
      "type": "string"
    }
  },
  "resources": [
    {
      "mode": "data",
      "type": "google_compute_network",
      "name": "existing_vpc",
      "provider": "provider[\"registry.terraform.io/hashicorp/google\"]",
      "instances": [
        {
          "schema_version": 0,
          "attributes": {
            "description": "",
            "gateway_ipv4": "",
            "id": "projects/bankingproject2027/global/networks/bankingproject2027-vpc",
            "internal_ipv6_range": "",
            "name": "bankingproject2027-vpc",
            "network_id": -1261248532,
            "network_profile": "",
            "numeric_id": "-1261248532",
            "project": null,
            "self_link": "https://www.googleapis.com/compute/v1/projects/bankingproject2027/global/networks/bankingproject2027-vpc",
            "subnetworks_self_links": [
              "https://www.googleapis.com/compute/v1/projects/bankingproject2027/regions/asia-south1/subnetworks/bankingproject2027-subnet"
            ]
          },
          "sensitive_attributes": [],
          "identity_schema_version": 0
        }
      ]
    },
    {
      "mode": "managed",
      "type": "google_compute_subnetwork",
      "name": "securebank_gke_subnet",
      "provider": "provider[\"registry.terraform.io/hashicorp/google\"]",
      "instances": [
        {
          "schema_version": 0,
          "attributes": {
            "creation_timestamp": "2026-08-14T12:33:38.878-07:00",
            "description": "",
            "enable_flow_logs": false,
            "external_ipv6_prefix": "",
            "fingerprint": null,
            "gateway_address": "10.20.0.1",
            "id": "projects/bankingproject2027/regions/asia-south1/subnetworks/securebank-gke-subnet",
            "internal_ipv6_prefix": "",
            "ip_cidr_range": "10.20.0.0/24",
            "ip_collection": null,
            "ipv6_access_type": "",
            "ipv6_cidr_range": "",
            "ipv6_gce_endpoint": "",
            "log_config": [],
            "name": "securebank-gke-subnet",
            "network": "https://www.googleapis.com/compute/v1/projects/bankingproject2027/global/networks/bankingproject2027-vpc",
            "params": [],
            "private_ip_google_access": false,
            "private_ipv6_google_access": "DISABLE_GOOGLE_ACCESS",
            "project": "bankingproject2027",
            "purpose": "PRIVATE",
            "region": "asia-south1",
            "reserved_internal_range": "",
            "role": "",
            "secondary_ip_range": [
              {
                "ip_cidr_range": "10.30.0.0/16",
                "range_name": "securebank-pods-range",
                "reserved_internal_range": ""
              },
              {
                "ip_cidr_range": "10.40.0.0/20",
                "range_name": "securebank-services-range",
                "reserved_internal_range": ""
              }
            ],
            "self_link": "https://www.googleapis.com/compute/v1/projects/bankingproject2027/regions/asia-south1/subnetworks/securebank-gke-subnet",
            "send_secondary_ip_range_if_empty": null,
            "stack_type": "IPV4_ONLY",
            "state": "",
            "subnetwork_id": -1261251715,
            "timeouts": null
          },
          "sensitive_attributes": [],
          "identity_schema_version": 0,
          "private": "eyJlMmJmYjczMC1lY2FhLTExZTYtOGY4OC0zNDM2M2JjN2M0YzAiOnsiY3JlYXRlIjoxMjAwMDAwMDAwMDAwLCJkZWxldGUiOjEyMDAwMDAwMDAwMDAsInVwZGF0ZSI6MTIwMDAwMDAwMDAwMH19",
          "dependencies": [
            "data.google_compute_network.existing_vpc"
          ]
        }
      ]
    },
    {
      "mode": "managed",
      "type": "google_container_cluster",
      "name": "securebank_gke",
      "provider": "provider[\"registry.terraform.io/hashicorp/google\"]",
      "instances": [
        {
          "schema_version": 2,
          "attributes": {
            "addons_config": [
              {
                "cloudrun_config": [],
                "config_connector_config": [],
                "dns_cache_config": [
                  {
                    "enabled": true
                  }
                ],
                "gce_persistent_disk_csi_driver_config": [
                  {
                    "enabled": true
                  }
                ],
                "gcp_filestore_csi_driver_config": [],
                "gcs_fuse_csi_driver_config": [],
                "gke_backup_agent_config": [],
                "horizontal_pod_autoscaling": [],
                "http_load_balancing": [],
                "lustre_csi_driver_config": [],
                "network_policy_config": [
                  {
                    "disabled": true
                  }
                ],
                "parallelstore_csi_driver_config": [],
                "ray_operator_config": [],
                "stateful_ha_config": []
              }
            ],
            "allow_net_admin": null,
            "anonymous_authentication_config": [
              {
                "mode": "LIMITED"
              }
            ],
            "authenticator_groups_config": [],
            "binary_authorization": [
              {
                "enabled": false,
                "evaluation_mode": ""
              }
            ],
            "cluster_autoscaling": [
              {
                "auto_provisioning_defaults": [],
                "auto_provisioning_locations": [],
                "autoscaling_profile": "BALANCED",
                "enabled": false,
                "resource_limits": []
              }
            ],
            "cluster_ipv4_cidr": "10.30.0.0/16",
            "confidential_nodes": [],
            "control_plane_endpoints_config": [
              {
                "dns_endpoint_config": [
                  {
                    "allow_external_traffic": false,
                    "endpoint": "gke-9f02adc29610436b8523c883a938ebd8b560-1095812911254.asia-south1-c.gke.goog"
                  }
                ],
                "ip_endpoints_config": [
                  {
                    "enabled": true
                  }
                ]
              }
            ],
            "cost_management_config": [],
            "database_encryption": [
              {
                "key_name": "",
                "state": "DECRYPTED"
              }
            ],
            "datapath_provider": "",
            "default_max_pods_per_node": 110,
            "default_snat_status": [
              {
                "disabled": false
              }
            ],
            "deletion_protection": false,
            "description": "",
            "disable_l4_lb_firewall_reconciliation": false,
            "dns_config": [],
            "effective_labels": {
              "goog-terraform-provisioned": "true"
            },
            "enable_autopilot": false,
            "enable_cilium_clusterwide_network_policy": false,
            "enable_fqdn_network_policy": false,
            "enable_intranode_visibility": false,
            "enable_k8s_beta_apis": [],
            "enable_kubernetes_alpha": false,
            "enable_l4_ilb_subsetting": false,
            "enable_legacy_abac": false,
            "enable_multi_networking": false,
            "enable_shielded_nodes": true,
            "enable_tpu": false,
            "endpoint": "34.14.147.43",
            "enterprise_config": [
              {
                "cluster_tier": "STANDARD",
                "desired_tier": ""
              }
            ],
            "fleet": [],
            "gateway_api_config": [],
            "gke_auto_upgrade_config": [],
            "id": "projects/bankingproject2027/locations/asia-south1-c/clusters/securebank-gke",
            "identity_service_config": [],
            "in_transit_encryption_config": "",
            "initial_node_count": 1,
            "ip_allocation_policy": [
              {
                "additional_ip_ranges_config": [],
                "additional_pod_ranges_config": [],
                "cluster_ipv4_cidr_block": "10.30.0.0/16",
                "cluster_secondary_range_name": "securebank-pods-range",
                "pod_cidr_overprovision_config": [
                  {
                    "disabled": false
                  }
                ],
                "services_ipv4_cidr_block": "10.40.0.0/20",
                "services_secondary_range_name": "securebank-services-range",
                "stack_type": "IPV4"
              }
            ],
            "label_fingerprint": "78cdf2f6",
            "location": "asia-south1-c",
            "logging_config": [
              {
                "enable_components": [
                  "SYSTEM_COMPONENTS",
                  "WORKLOADS"
                ]
              }
            ],
            "logging_service": "logging.googleapis.com/kubernetes",
            "maintenance_policy": [],
            "master_auth": [
              {
                "client_certificate": "",
                "client_certificate_config": [
                  {
                    "issue_client_certificate": false
                  }
                ],
                "client_key": "",
                "cluster_ca_certificate": "LS0tLS1CRUdJTiBDRVJUSUZJQ0FURS0tLS0tCk1JSUVMVENDQXBXZ0F3SUJBZ0lSQUo3Nk5kS2FhbCtwK2NyRFQwMFo0dDh3RFFZSktvWklodmNOQVFFTEJRQXcKTHpFdE1Dc0dBMVVFQXhNa01USm1ZbU13T0RndE56bGlOUzAwTnpnM0xXRTJNVEF0TldJeE9HTTBNVFF3T0dRNQpNQ0FYRFRJMk1EZ3hOREU0TXpReU1sb1lEekl3TlRZd09EQTJNVGt6TkRJeVdqQXZNUzB3S3dZRFZRUURFeVF4Ck1tWmlZekE0T0MwM09XSTFMVFEzT0RjdFlUWXhNQzAxWWpFNFl6UXhOREE0WkRrd2dnR2lNQTBHQ1NxR1NJYjMKRFFFQkFRVUFBNElCandBd2dnR0tBb0lCZ1FDWS96NkxSYkNZVkZqdjBzSlBCQzdtRWdaSWQ0V1B5K3QzbjdLbworOWJneDMxOWsyS1dFeXFwaUx5NEUycXQvbUdhbE1zL3U2T0lOVzYzTk1XVXdCUG92OWtnYUg2UzJmQ29IR2plCjZyQmQ2clF0aWtEZUs3RkFmUTFKVnh0TW5meFZ6bC9CazJYMWV5Tk1XQVlhU2hCY0Mzd2FDdXRTT0FaT2VKdDMKTWxERXc0cTFEVzFIbTlsdzJlZXJOa05qenNWb2IxeVF2Qnhqb21aVThyQ0xSS2txcWFQdEZSRWFjSVJza1huMwo5MTVXelladHpOSkE1ZnYyMDEyN3VNYzdXNXQ0THJwYzdBcnJkSTdqSjJmSVB2cTNZUFkyMWJYME1TdFg0OXluCnY2YzBWTkg2UzJ3YzBzd1plVXhHcm81ZjdKTG92T29hWXM5QUxuYVBaUFhlK0E0NzM0S0xtOWoyL0hqcmQvancKRkRmYWN1cGs5UGpSVVdYV0NrTmlvVUJueHRCSTA0SGc0ekltVXNRNlR0cUdJTVV1OEdRYzR3ekMyWTIxeXk1aApBcHNyYTBrT2FjWnc4MFNLRzZ2MUNGMVNBRjIrRXZMMDdwU09obVgwcm9ibVo5S0l5V0pxMVAzTWhIMmU5cjg4CkdJKy9kMSt6SHo2dE1nSW04RCt5WmNGTmRTc0NBd0VBQWFOQ01FQXdEZ1lEVlIwUEFRSC9CQVFEQWdJRU1BOEcKQTFVZEV3RUIvd1FGTUFNQkFmOHdIUVlEVlIwT0JCWUVGQ1U2SkVCdE9mR2ZtdWlBaExuQW5VTk1tTElLTUEwRwpDU3FHU0liM0RRRUJDd1VBQTRJQmdRQThTTk5hWXBQY0lJN3BVbHVjd2JqdE9DaDdJUEZpTU0xMVdoeFA0OExwCjJPUjZNYy91YUZVaG5PcGJ2Y3VrRTNxSlZ6bUFBNWFRQmpmQ2d6OElISWV2ZEFxandIcjhyMnRDUGxjNUZUSUIKZUN2T3F5ajlKa1dKVkxQQzR3bTBGR0ZSMGQzL0UxeU16MFhhSFpua3JweTdsQjE3cGEzNVByMjBmY3ZvbjR4VwpSYi9zbkVJeVZaeWppaUZCblI1U1N0aU1EWlJOZVJZRVUyMUd6WWJ4Yis4eXRpYWQ2Mm1UUHVyU2JER25ZazVlCmMzQUNGWWFIbzJNVzNxRnRyQXI2R0Qrb3pnVUFGVGk4UlhlZ0EyaUdjZk5RTVFTZnN1UWIrOHorNnFzUzVmOUUKZ1VWbjR0ZkhvVHRRcm05cDgrNkpwQjI2TTE1SkJRdzUxUWY3MW5zUFY5Qm5CSTEyOEVVTjBLNW9ibWxZUTBjUwovZk0yRjRXNlNDVCt3ajhXS0FYU1FWQmY1ZUxqNFc3VHpFYWNhejhUeHMzTFZHVWVtWlp6QUw0QzgwWTIyTmc5Ck85MzMySGc4eWh2OEhSdUhMdFRRbmtUdEx0Q2pBZlJLMWNER0twbjhveG1VMnp5Q2dLbUZTQ3RaUm1EZGxlMzYKQklhRFkySzJLSnc5NU1RUHV1UlJNY1U9Ci0tLS0tRU5EIENFUlRJRklDQVRFLS0tLS0K"
              }
            ],
            "master_authorized_networks_config": [],
            "master_version": "1.35.6-gke.1258000",
            "mesh_certificates": [],
            "min_master_version": null,
            "monitoring_config": [
              {
                "advanced_datapath_observability_config": [
                  {
                    "enable_metrics": false,
                    "enable_relay": false
                  }
                ],
                "enable_components": [
                  "SYSTEM_COMPONENTS",
                  "STORAGE",
                  "HPA",
                  "POD",
                  "DAEMONSET",
                  "DEPLOYMENT",
                  "STATEFULSET",
                  "CADVISOR",
                  "KUBELET",
                  "DCGM",
                  "JOBSET"
                ],
                "managed_prometheus": [
                  {
                    "auto_monitoring_config": [],
                    "enabled": true
                  }
                ]
              }
            ],
            "monitoring_service": "monitoring.googleapis.com/kubernetes",
            "name": "securebank-gke",
            "network": "projects/bankingproject2027/global/networks/bankingproject2027-vpc",
            "network_performance_config": [],
            "network_policy": [
              {
                "enabled": false,
                "provider": "PROVIDER_UNSPECIFIED"
              }
            ],
            "networking_mode": "VPC_NATIVE",
            "node_config": [],
            "node_locations": [],
            "node_pool": [],
            "node_pool_auto_config": [
              {
                "linux_node_config": [],
                "network_tags": [],
                "node_kubelet_config": [
                  {
                    "insecure_kubelet_readonly_port_enabled": "FALSE"
                  }
                ],
                "resource_manager_tags": {}
              }
            ],
            "node_pool_defaults": [
              {
                "node_config_defaults": [
                  {
                    "containerd_config": [],
                    "gcfs_config": [],
                    "insecure_kubelet_readonly_port_enabled": "FALSE",
                    "logging_variant": "DEFAULT"
                  }
                ]
              }
            ],
            "node_version": "1.35.6-gke.1258000",
            "notification_config": [
              {
                "pubsub": [
                  {
                    "enabled": false,
                    "filter": [],
                    "topic": ""
                  }
                ]
              }
            ],
            "operation": null,
            "pod_autoscaling": [
              {
                "hpa_profile": "PERFORMANCE"
              }
            ],
            "private_cluster_config": [
              {
                "enable_private_endpoint": false,
                "enable_private_nodes": false,
                "master_global_access_config": [
                  {
                    "enabled": false
                  }
                ],
                "master_ipv4_cidr_block": "",
                "peering_name": "",
                "private_endpoint": "10.20.0.2",
                "private_endpoint_subnetwork": "",
                "public_endpoint": "34.14.147.43"
              }
            ],
            "private_ipv6_google_access": "",
            "project": "bankingproject2027",
            "rbac_binding_config": [
              {
                "enable_insecure_binding_system_authenticated": true,
                "enable_insecure_binding_system_unauthenticated": true
              }
            ],
            "release_channel": [
              {
                "channel": "REGULAR"
              }
            ],
            "remove_default_node_pool": true,
            "resource_labels": null,
            "resource_usage_export_config": [],
            "secret_manager_config": [
              {
                "enabled": false
              }
            ],
            "security_posture_config": [
              {
                "mode": "BASIC",
                "vulnerability_mode": "VULNERABILITY_MODE_UNSPECIFIED"
              }
            ],
            "self_link": "https://container.googleapis.com/v1/projects/bankingproject2027/zones/asia-south1-c/clusters/securebank-gke",
            "service_external_ips_config": [
              {
                "enabled": false
              }
            ],
            "services_ipv4_cidr": "10.40.0.0/20",
            "subnetwork": "projects/bankingproject2027/regions/asia-south1/subnetworks/securebank-gke-subnet",
            "terraform_labels": {
              "goog-terraform-provisioned": "true"
            },
            "timeouts": null,
            "tpu_ipv4_cidr_block": "",
            "user_managed_keys_config": [],
            "vertical_pod_autoscaling": [],
            "workload_identity_config": [
              {
                "workload_pool": "bankingproject2027.svc.id.goog"
              }
            ]
          },
          "sensitive_attributes": [
            [
              {
                "type": "get_attr",
                "value": "master_auth"
              },
              {
                "type": "index",
                "value": {
                  "value": 0,
                  "type": "number"
                }
              },
              {
                "type": "get_attr",
                "value": "client_key"
              }
            ]
          ],
          "identity_schema_version": 0,
          "private": "eyJlMmJmYjczMC1lY2FhLTExZTYtOGY4OC0zNDM2M2JjN2M0YzAiOnsiY3JlYXRlIjoyNDAwMDAwMDAwMDAwLCJkZWxldGUiOjI0MDAwMDAwMDAwMDAsInJlYWQiOjI0MDAwMDAwMDAwMDAsInVwZGF0ZSI6MzYwMDAwMDAwMDAwMH0sInNjaGVtYV92ZXJzaW9uIjoiMiJ9",
          "dependencies": [
            "data.google_compute_network.existing_vpc",
            "google_compute_subnetwork.securebank_gke_subnet"
          ]
        }
      ]
    },
    {
      "mode": "managed",
      "type": "google_container_node_pool",
      "name": "securebank_nodepool",
      "provider": "provider[\"registry.terraform.io/hashicorp/google\"]",
      "instances": [
        {
          "schema_version": 1,
          "attributes": {
            "autoscaling": [],
            "cluster": "securebank-gke",
            "id": "projects/bankingproject2027/locations/asia-south1-c/clusters/securebank-gke/nodePools/securebank-nodepool",
            "initial_node_count": 2,
            "instance_group_urls": [
              "https://www.googleapis.com/compute/v1/projects/bankingproject2027/zones/asia-south1-c/instanceGroupManagers/gke-securebank-gke-securebank-nodepoo-9e87d2b1-grp"
            ],
            "location": "asia-south1-c",
            "managed_instance_group_urls": [
              "https://www.googleapis.com/compute/v1/projects/bankingproject2027/zones/asia-south1-c/instanceGroups/gke-securebank-gke-securebank-nodepoo-9e87d2b1-grp"
            ],
            "management": [
              {
                "auto_repair": true,
                "auto_upgrade": true
              }
            ],
            "max_pods_per_node": 110,
            "name": "securebank-nodepool",
            "name_prefix": "",
            "network_config": [
              {
                "additional_node_network_configs": [],
                "additional_pod_network_configs": [],
                "create_pod_range": false,
                "enable_private_nodes": false,
                "network_performance_config": [],
                "pod_cidr_overprovision_config": [],
                "pod_ipv4_cidr_block": "10.30.0.0/16",
                "pod_range": "securebank-pods-range",
                "subnetwork": "projects/bankingproject2027/regions/asia-south1/subnetworks/securebank-gke-subnet"
              }
            ],
            "node_config": [
              {
                "advanced_machine_features": [],
                "boot_disk": [
                  {
                    "disk_type": "pd-balanced",
                    "provisioned_iops": 0,
                    "provisioned_throughput": 0,
                    "size_gb": 50
                  }
                ],
                "boot_disk_kms_key": "",
                "confidential_nodes": [],
                "containerd_config": [],
                "disk_size_gb": 50,
                "disk_type": "pd-balanced",
                "effective_taints": [],
                "enable_confidential_storage": false,
                "ephemeral_storage_local_ssd_config": [],
                "fast_socket": [],
                "flex_start": false,
                "gcfs_config": [],
                "guest_accelerator": [],
                "gvnic": [],
                "host_maintenance_policy": [],
                "image_type": "COS_CONTAINERD",
                "kubelet_config": [
                  {
                    "allowed_unsafe_sysctls": [],
                    "container_log_max_files": 0,
                    "container_log_max_size": "",
                    "cpu_cfs_quota": false,
                    "cpu_cfs_quota_period": "",
                    "cpu_manager_policy": "",
                    "eviction_max_pod_grace_period_seconds": 0,
                    "eviction_minimum_reclaim": [],
                    "eviction_soft": [],
                    "eviction_soft_grace_period": [],
                    "image_gc_high_threshold_percent": 0,
                    "image_gc_low_threshold_percent": 0,
                    "image_maximum_gc_age": "",
                    "image_minimum_gc_age": "",
                    "insecure_kubelet_readonly_port_enabled": "FALSE",
                    "max_parallel_image_pulls": 3,
                    "pod_pids_limit": 0,
                    "single_process_oom_kill": false
                  }
                ],
                "labels": {
                  "application": "securebank",
                  "environment": "dev",
                  "managed_by": "terraform"
                },
                "linux_node_config": [],
                "local_nvme_ssd_block_config": [],
                "local_ssd_count": 0,
                "local_ssd_encryption_mode": "",
                "logging_variant": "DEFAULT",
                "machine_type": "e2-standard-2",
                "max_run_duration": "",
                "metadata": {
                  "disable-legacy-endpoints": "true"
                },
                "min_cpu_platform": "",
                "node_group": "",
                "oauth_scopes": [
                  "https://www.googleapis.com/auth/cloud-platform"
                ],
                "preemptible": false,
                "reservation_affinity": [],
                "resource_labels": {
                  "goog-gke-node-pool-provisioning-model": "on-demand"
                },
                "resource_manager_tags": null,
                "secondary_boot_disks": [],
                "service_account": "default",
                "shielded_instance_config": [
                  {
                    "enable_integrity_monitoring": true,
                    "enable_secure_boot": false
                  }
                ],
                "sole_tenant_config": [],
                "spot": false,
                "storage_pools": null,
                "tags": [
                  "securebank",
                  "gke-node"
                ],
                "taint": [],
                "windows_node_config": [
                  {
                    "osversion": ""
                  }
                ],
                "workload_metadata_config": [
                  {
                    "mode": "GKE_METADATA"
                  }
                ]
              }
            ],
            "node_count": 2,
            "node_locations": [
              "asia-south1-c"
            ],
            "operation": null,
            "placement_policy": [],
            "project": "bankingproject2027",
            "queued_provisioning": [],
            "timeouts": null,
            "upgrade_settings": [
              {
                "blue_green_settings": [],
                "max_surge": 1,
                "max_unavailable": 0,
                "strategy": "SURGE"
              }
            ],
            "version": "1.35.6-gke.1258000"
          },
          "sensitive_attributes": [],
          "identity_schema_version": 0,
          "private": "eyJlMmJmYjczMC1lY2FhLTExZTYtOGY4OC0zNDM2M2JjN2M0YzAiOnsiY3JlYXRlIjoxODAwMDAwMDAwMDAwLCJkZWxldGUiOjE4MDAwMDAwMDAwMDAsInVwZGF0ZSI6MTgwMDAwMDAwMDAwMH0sInNjaGVtYV92ZXJzaW9uIjoiMSJ9",
          "dependencies": [
            "data.google_compute_network.existing_vpc",
            "google_compute_subnetwork.securebank_gke_subnet",
            "google_container_cluster.securebank_gke"
          ]
        }
      ]
    }
  ],
  "check_results": null
}
